
Microsoft Visual Studio Solution File, Format Version 12.00
# Visual Studio 14
VisualStudioVersion = 14.0.25420.1
MinimumVisualStudioVersion = 10.0.40219.1
Project("{2150E333-8FDC-42A3-9474-1A3956D46DE8}") = "src", "src", "{14F0E5EC-4532-47F8-90D7-2E4D67EFB915}"
EndProject
Project("{2150E333-8FDC-42A3-9474-1A3956D46DE8}") = "Solution Items", "Solution Items", "{8A61857C-171B-42B1-876D-FBB0D31D0F5D}"
	ProjectSection(SolutionItems) = preProject
		global.json = global.json
	EndProjectSection
EndProject
Project("{8BB2217D-0F2D-49D1-97BC-3654ED321F3B}") = "BreweryWebApp", "src\BreweryWebApp\BreweryWebApp.xproj", "{8E749459-20DF-448E-9B54-53DCB9F54FAF}"
EndProject
Project("{FAE04EC0-301F-11D3-BF4B-00C04F79EFBC}") = "BreweryData", "BreweryData\BreweryData.csproj", "{3BC78D1C-50AA-4E33-9179-16507FBC8C89}"
EndProject
Global
	GlobalSection(SolutionConfigurationPlatforms) = preSolution
		Debug|Any CPU = Debug|Any CPU
		Release|Any CPU = Release|Any CPU
	EndGlobalSection
	GlobalSection(ProjectConfigurationPlatforms) = postSolution
		{8E749459-20DF-448E-9B54-53DCB9F54FAF}.Debug|Any CPU.ActiveCfg = Debug|Any CPU
		{8E749459-20DF-448E-9B54-53DCB9F54FAF}.Debug|Any CPU.Build.0 = Debug|Any CPU
		{8E749459-20DF-448E-9B54-53DCB9F54FAF}.Release|Any CPU.ActiveCfg = Release|Any CPU
		{8E749459-20DF-448E-9B54-53DCB9F54FAF}.Release|Any CPU.Build.0 = Release|Any CPU
		{3BC78D1C-50AA-4E33-9179-16507FBC8C89}.Debug|Any CPU.ActiveCfg = Debug|Any CPU
		{3BC78D1C-50AA-4E33-9179-16507FBC8C89}.Debug|Any CPU.Build.0 = Debug|Any CPU
		{3BC78D1C-50AA-4E33-9179-16507FBC8C89}.Release|Any CPU.ActiveCfg = Release|Any CPU
		{3BC78D1C-50AA-4E33-9179-16507FBC8C89}.Release|Any CPU.Build.0 = Release|Any CPU
	EndGlobalSection
	GlobalSection(SolutionProperties) = preSolution
		HideSolutionNode = FALSE
	EndGlobalSection
	GlobalSection(NestedProjects) = preSolution
		{8E749459-20DF-448E-9B54-53DCB9F54FAF} = {14F0E5EC-4532-47F8-90D7-2E4D67EFB915}
		{3BC78D1C-50AA-4E33-9179-16507FBC8C89} = {14F0E5EC-4532-47F8-90D7-2E4D67EFB915}
	EndGlobalSection
EndGlobal
